
Microsoft Visual Studio Solution File, Format Version 12.00
# Visual Studio 14
VisualStudioVersion = 14.0.24720.0
MinimumVisualStudioVersion = 10.0.40219.1
Project("{FAE04EC0-301F-11D3-BF4B-00C04F79EFBC}") = "MovieStreaming", "MovieStreaming\MovieStreaming.csproj", "{F8872A6C-AC36-4F43-9A56-37FA5BBAC4BC}"
EndProject
Project("{2150E333-8FDC-42A3-9474-1A3956D46DE8}") = "Solution Items", "Solution Items", "{41A2195C-5FD4-41B9-8697-B8359D459467}"
	ProjectSection(SolutionItems) = preProject
		Readme.txt = Readme.txt
	EndProjectSection
EndProject
Global
	GlobalSection(SolutionConfigurationPlatforms) = preSolution
		Debug|Any CPU = Debug|Any CPU
		Release|Any CPU = Release|Any CPU
	EndGlobalSection
	GlobalSection(ProjectConfigurationPlatforms) = postSolution
		{F8872A6C-AC36-4F43-9A56-37FA5BBAC4BC}.Debug|Any CPU.ActiveCfg = Debug|Any CPU
		{F8872A6C-AC36-4F43-9A56-37FA5BBAC4BC}.Debug|Any CPU.Build.0 = Debug|Any CPU
		{F8872A6C-AC36-4F43-9A56-37FA5BBAC4BC}.Release|Any CPU.ActiveCfg = Release|Any CPU
		{F8872A6C-AC36-4F43-9A56-37FA5BBAC4BC}.Release|Any CPU.Build.0 = Release|Any CPU
	EndGlobalSection
	GlobalSection(SolutionProperties) = preSolution
		HideSolutionNode = FALSE
	EndGlobalSection
EndGlobal
